{
  "name": "clean-sketch-loader",
  "version": "1.0.0",
  "lockfileVersion": 1,
  "requires": true,
  "dependencies": {
    "clean-sketch": {
      "version": "1.0.1",
      "resolved": "http://registry.npm.taobao.org/clean-sketch/download/clean-sketch-1.0.1.tgz",
      "integrity": "sha1-i86BAmPro51StxsHBY/F5BmjbiM="
    }
  }
}
